
Microsoft Visual Studio Solution File, Format Version 12.00
# Visual Studio 2013
VisualStudioVersion = 12.0.21005.1
MinimumVisualStudioVersion = 10.0.40219.1
Project("{FAE04EC0-301F-11D3-BF4B-00C04F79EFBC}") = "AwaKinG", "AwaKinG\AwaKinG.csproj", "{BAEFB065-908E-4B3E-BF20-C064D578E85D}"
EndProject
Global
	GlobalSection(SolutionConfigurationPlatforms) = preSolution
		Debug|Any CPU = Debug|Any CPU
		Release|Any CPU = Release|Any CPU
	EndGlobalSection
	GlobalSection(ProjectConfigurationPlatforms) = postSolution
		{BAEFB065-908E-4B3E-BF20-C064D578E85D}.Debug|Any CPU.ActiveCfg = Debug|Any CPU
		{BAEFB065-908E-4B3E-BF20-C064D578E85D}.Debug|Any CPU.Build.0 = Debug|Any CPU
		{BAEFB065-908E-4B3E-BF20-C064D578E85D}.Release|Any CPU.ActiveCfg = Release|Any CPU
		{BAEFB065-908E-4B3E-BF20-C064D578E85D}.Release|Any CPU.Build.0 = Release|Any CPU
	EndGlobalSection
	GlobalSection(SolutionProperties) = preSolution
		HideSolutionNode = FALSE
	EndGlobalSection
EndGlobal
